// !$*UTF8*$!
{
	archiveVersion = 1;
	classes = {
	};
	objectVersion = 46;
	objects = {

/* Begin PBXBuildFile section */
		F6841D59D49E4FD4AFFA475C /* libPods.a in Frameworks */ = {isa = PBXBuildFile; fileRef = DDE27DF55FBD4DDB9FFA4B1C /* libPods.a */; };
		FA281DC8188927FC00A77EB0 /* APNetworkLoader.m in Sources */ = {isa = PBXBuildFile; fileRef = FA281DC7188927FC00A77EB0 /* APNetworkLoader.m */; };
		FA281DCB18893BE000A77EB0 /* APStoragePathHelper.m in Sources */ = {isa = PBXBuildFile; fileRef = FA281DCA18893BE000A77EB0 /* APStoragePathHelper.m */; };
		FA281DCE1889444A00A77EB0 /* NSFileManager+Storage.m in Sources */ = {isa = PBXBuildFile; fileRef = FA281DCD1889444A00A77EB0 /* NSFileManager+Storage.m */; };
		FA6E6FB61887B6C300E8DF46 /* Foundation.framework in Frameworks */ = {isa = PBXBuildFile; fileRef = FA6E6FB51887B6C300E8DF46 /* Foundation.framework */; };
		FA6E6FB81887B6C300E8DF46 /* CoreGraphics.framework in Frameworks */ = {isa = PBXBuildFile; fileRef = FA6E6FB71887B6C300E8DF46 /* CoreGraphics.framework */; };
		FA6E6FBA1887B6C300E8DF46 /* UIKit.framework in Frameworks */ = {isa = PBXBuildFile; fileRef = FA6E6FB91887B6C300E8DF46 /* UIKit.framework */; };
		FA6E6FC01887B6C300E8DF46 /* InfoPlist.strings in Resources */ = {isa = PBXBuildFile; fileRef = FA6E6FBE1887B6C300E8DF46 /* InfoPlist.strings */; };
		FA6E6FC21887B6C300E8DF46 /* main.m in Sources */ = {isa = PBXBuildFile; fileRef = FA6E6FC11887B6C300E8DF46 /* main.m */; };
		FA6E6FC81887B6C300E8DF46 /* Images.xcassets in Resources */ = {isa = PBXBuildFile; fileRef = FA6E6FC71887B6C300E8DF46 /* Images.xcassets */; };
		FA6E6FE61887B82700E8DF46 /* APSmartStorageSpec.mm in Sources */ = {isa = PBXBuildFile; fileRef = FA6E6FE51887B82700E8DF46 /* APSmartStorageSpec.mm */; };
		FAB00554188D10BF00A0D654 /* APMemoryStorage.m in Sources */ = {isa = PBXBuildFile; fileRef = FAB00553188D10BF00A0D654 /* APMemoryStorage.m */; };
		FAB00557188D587C00A0D654 /* APAsyncDictionary+RemoveAnyObject.m in Sources */ = {isa = PBXBuildFile; fileRef = FAB00556188D587C00A0D654 /* APAsyncDictionary+RemoveAnyObject.m */; };
		FAE4DAD61887BA5B003541A9 /* APSmartStorage.m in Sources */ = {isa = PBXBuildFile; fileRef = FAE4DAD51887BA5B003541A9 /* APSmartStorage.m */; };
		FAE4DAF01887DE2D003541A9 /* NSThread+Block.m in Sources */ = {isa = PBXBuildFile; fileRef = FAE4DADE1887DE2D003541A9 /* NSThread+Block.m */; };
		FAE4DAF11887DE2D003541A9 /* APAsyncDictionary.m in Sources */ = {isa = PBXBuildFile; fileRef = FAE4DAE11887DE2D003541A9 /* APAsyncDictionary.m */; };
		FAE4DB001887FFC5003541A9 /* APFileManager.m in Sources */ = {isa = PBXBuildFile; fileRef = FAE4DAFF1887FFC5003541A9 /* APFileManager.m */; };
/* End PBXBuildFile section */

/* Begin PBXFileReference section */
		3623D18215C44D7FA210E476 /* Pods.xcconfig */ = {isa = PBXFileReference; includeInIndex = 1; lastKnownFileType = text.xcconfig; name = Pods.xcconfig; path = Pods/Pods.xcconfig; sourceTree = "<group>"; };
		DDE27DF55FBD4DDB9FFA4B1C /* libPods.a */ = {isa = PBXFileReference; explicitFileType = archive.ar; includeInIndex = 0; path = libPods.a; sourceTree = BUILT_PRODUCTS_DIR; };
		FA281DC6188927FC00A77EB0 /* APNetworkLoader.h */ = {isa = PBXFileReference; fileEncoding = 4; lastKnownFileType = sourcecode.c.h; path = APNetworkLoader.h; sourceTree = "<group>"; };
		FA281DC7188927FC00A77EB0 /* APNetworkLoader.m */ = {isa = PBXFileReference; fileEncoding = 4; lastKnownFileType = sourcecode.c.objc; path = APNetworkLoader.m; sourceTree = "<group>"; };
		FA281DC918893BE000A77EB0 /* APStoragePathHelper.h */ = {isa = PBXFileReference; fileEncoding = 4; lastKnownFileType = sourcecode.c.h; path = APStoragePathHelper.h; sourceTree = "<group>"; };
		FA281DCA18893BE000A77EB0 /* APStoragePathHelper.m */ = {isa = PBXFileReference; fileEncoding = 4; lastKnownFileType = sourcecode.c.objc; path = APStoragePathHelper.m; sourceTree = "<group>"; };
		FA281DCC1889444A00A77EB0 /* NSFileManager+Storage.h */ = {isa = PBXFileReference; fileEncoding = 4; lastKnownFileType = sourcecode.c.h; path = "NSFileManager+Storage.h"; sourceTree = "<group>"; };
		FA281DCD1889444A00A77EB0 /* NSFileManager+Storage.m */ = {isa = PBXFileReference; fileEncoding = 4; lastKnownFileType = sourcecode.c.objc; path = "NSFileManager+Storage.m"; sourceTree = "<group>"; };
		FA6E6FB21887B6C300E8DF46 /* APSmartStorageSpec.app */ = {isa = PBXFileReference; explicitFileType = wrapper.application; includeInIndex = 0; path = APSmartStorageSpec.app; sourceTree = BUILT_PRODUCTS_DIR; };
		FA6E6FB51887B6C300E8DF46 /* Foundation.framework */ = {isa = PBXFileReference; lastKnownFileType = wrapper.framework; name = Foundation.framework; path = System/Library/Frameworks/Foundation.framework; sourceTree = SDKROOT; };
		FA6E6FB71887B6C300E8DF46 /* CoreGraphics.framework */ = {isa = PBXFileReference; lastKnownFileType = wrapper.framework; name = CoreGraphics.framework; path = System/Library/Frameworks/CoreGraphics.framework; sourceTree = SDKROOT; };
		FA6E6FB91887B6C300E8DF46 /* UIKit.framework */ = {isa = PBXFileReference; lastKnownFileType = wrapper.framework; name = UIKit.framework; path = System/Library/Frameworks/UIKit.framework; sourceTree = SDKROOT; };
		FA6E6FBD1887B6C300E8DF46 /* APSmartStorageSpec-Info.plist */ = {isa = PBXFileReference; lastKnownFileType = text.plist.xml; path = "APSmartStorageSpec-Info.plist"; sourceTree = "<group>"; };
		FA6E6FBF1887B6C300E8DF46 /* en */ = {isa = PBXFileReference; lastKnownFileType = text.plist.strings; name = en; path = en.lproj/InfoPlist.strings; sourceTree = "<group>"; };
		FA6E6FC11887B6C300E8DF46 /* main.m */ = {isa = PBXFileReference; lastKnownFileType = sourcecode.c.objc; path = main.m; sourceTree = "<group>"; };
		FA6E6FC31887B6C300E8DF46 /* APSmartStorageSpec-Prefix.pch */ = {isa = PBXFileReference; lastKnownFileType = sourcecode.c.h; path = "APSmartStorageSpec-Prefix.pch"; sourceTree = "<group>"; };
		FA6E6FC71887B6C300E8DF46 /* Images.xcassets */ = {isa = PBXFileReference; lastKnownFileType = folder.assetcatalog; path = Images.xcassets; sourceTree = "<group>"; };
		FA6E6FCE1887B6C300E8DF46 /* XCTest.framework */ = {isa = PBXFileReference; lastKnownFileType = wrapper.framework; name = XCTest.framework; path = Library/Frameworks/XCTest.framework; sourceTree = DEVELOPER_DIR; };
		FA6E6FE51887B82700E8DF46 /* APSmartStorageSpec.mm */ = {isa = PBXFileReference; fileEncoding = 4; lastKnownFileType = sourcecode.cpp.objcpp; path = APSmartStorageSpec.mm; sourceTree = "<group>"; };
		FAB00552188D10BF00A0D654 /* APMemoryStorage.h */ = {isa = PBXFileReference; fileEncoding = 4; lastKnownFileType = sourcecode.c.h; path = APMemoryStorage.h; sourceTree = "<group>"; };
		FAB00553188D10BF00A0D654 /* APMemoryStorage.m */ = {isa = PBXFileReference; fileEncoding = 4; lastKnownFileType = sourcecode.c.objc; path = APMemoryStorage.m; sourceTree = "<group>"; };
		FAB00555188D587C00A0D654 /* APAsyncDictionary+RemoveAnyObject.h */ = {isa = PBXFileReference; fileEncoding = 4; lastKnownFileType = sourcecode.c.h; path = "APAsyncDictionary+RemoveAnyObject.h"; sourceTree = "<group>"; };
		FAB00556188D587C00A0D654 /* APAsyncDictionary+RemoveAnyObject.m */ = {isa = PBXFileReference; fileEncoding = 4; lastKnownFileType = sourcecode.c.objc; path = "APAsyncDictionary+RemoveAnyObject.m"; sourceTree = "<group>"; };
		FAE4DAD41887BA5B003541A9 /* APSmartStorage.h */ = {isa = PBXFileReference; fileEncoding = 4; lastKnownFileType = sourcecode.c.h; path = APSmartStorage.h; sourceTree = "<group>"; };
		FAE4DAD51887BA5B003541A9 /* APSmartStorage.m */ = {isa = PBXFileReference; fileEncoding = 4; lastKnownFileType = sourcecode.c.objc; path = APSmartStorage.m; sourceTree = "<group>"; };
		FAE4DADD1887DE2D003541A9 /* NSThread+Block.h */ = {isa = PBXFileReference; fileEncoding = 4; lastKnownFileType = sourcecode.c.h; path = "NSThread+Block.h"; sourceTree = "<group>"; };
		FAE4DADE1887DE2D003541A9 /* NSThread+Block.m */ = {isa = PBXFileReference; fileEncoding = 4; lastKnownFileType = sourcecode.c.objc; path = "NSThread+Block.m"; sourceTree = "<group>"; };
		FAE4DAE01887DE2D003541A9 /* APAsyncDictionary.h */ = {isa = PBXFileReference; fileEncoding = 4; lastKnownFileType = sourcecode.c.h; path = APAsyncDictionary.h; sourceTree = "<group>"; };
		FAE4DAE11887DE2D003541A9 /* APAsyncDictionary.m */ = {isa = PBXFileReference; fileEncoding = 4; lastKnownFileType = sourcecode.c.objc; path = APAsyncDictionary.m; sourceTree = "<group>"; };
		FAE4DAFE1887FFC5003541A9 /* APFileManager.h */ = {isa = PBXFileReference; fileEncoding = 4; lastKnownFileType = sourcecode.c.h; path = APFileManager.h; sourceTree = "<group>"; };
		FAE4DAFF1887FFC5003541A9 /* APFileManager.m */ = {isa = PBXFileReference; fileEncoding = 4; lastKnownFileType = sourcecode.c.objc; path = APFileManager.m; sourceTree = "<group>"; };
/* End PBXFileReference section */

/* Begin PBXFrameworksBuildPhase section */
		FA6E6FAF1887B6C300E8DF46 /* Frameworks */ = {
			isa = PBXFrameworksBuildPhase;
			buildActionMask = 2147483647;
			files = (
				FA6E6FB81887B6C300E8DF46 /* CoreGraphics.framework in Frameworks */,
				FA6E6FBA1887B6C300E8DF46 /* UIKit.framework in Frameworks */,
				FA6E6FB61887B6C300E8DF46 /* Foundation.framework in Frameworks */,
				F6841D59D49E4FD4AFFA475C /* libPods.a in Frameworks */,
			);
			runOnlyForDeploymentPostprocessing = 0;
		};
/* End PBXFrameworksBuildPhase section */

/* Begin PBXGroup section */
		FA6E6FA91887B6C300E8DF46 = {
			isa = PBXGroup;
			children = (
				FAE4DAD11887BA5B003541A9 /* Classes */,
				FAE4DAD81887DE2D003541A9 /* External */,
				FA6E6FBB1887B6C300E8DF46 /* APSmartStorageSpec */,
				FA6E6FB41887B6C300E8DF46 /* Frameworks */,
				FA6E6FB31887B6C300E8DF46 /* Products */,
				3623D18215C44D7FA210E476 /* Pods.xcconfig */,
			);
			sourceTree = "<group>";
		};
		FA6E6FB31887B6C300E8DF46 /* Products */ = {
			isa = PBXGroup;
			children = (
				FA6E6FB21887B6C300E8DF46 /* APSmartStorageSpec.app */,
			);
			name = Products;
			sourceTree = "<group>";
		};
		FA6E6FB41887B6C300E8DF46 /* Frameworks */ = {
			isa = PBXGroup;
			children = (
				FA6E6FB51887B6C300E8DF46 /* Foundation.framework */,
				FA6E6FB71887B6C300E8DF46 /* CoreGraphics.framework */,
				FA6E6FB91887B6C300E8DF46 /* UIKit.framework */,
				FA6E6FCE1887B6C300E8DF46 /* XCTest.framework */,
				DDE27DF55FBD4DDB9FFA4B1C /* libPods.a */,
			);
			name = Frameworks;
			sourceTree = "<group>";
		};
		FA6E6FBB1887B6C300E8DF46 /* APSmartStorageSpec */ = {
			isa = PBXGroup;
			children = (
				FA6E6FE41887B81400E8DF46 /* Spec */,
				FA6E6FBC1887B6C300E8DF46 /* Supporting Files */,
			);
			path = APSmartStorageSpec;
			sourceTree = "<group>";
		};
		FA6E6FBC1887B6C300E8DF46 /* Supporting Files */ = {
			isa = PBXGroup;
			children = (
				FA6E6FC71887B6C300E8DF46 /* Images.xcassets */,
				FA6E6FBD1887B6C300E8DF46 /* APSmartStorageSpec-Info.plist */,
				FA6E6FBE1887B6C300E8DF46 /* InfoPlist.strings */,
				FA6E6FC11887B6C300E8DF46 /* main.m */,
				FA6E6FC31887B6C300E8DF46 /* APSmartStorageSpec-Prefix.pch */,
			);
			name = "Supporting Files";
			sourceTree = "<group>";
		};
		FA6E6FE41887B81400E8DF46 /* Spec */ = {
			isa = PBXGroup;
			children = (
				FA6E6FE51887B82700E8DF46 /* APSmartStorageSpec.mm */,
			);
			name = Spec;
			sourceTree = "<group>";
		};
		FAE4DAD11887BA5B003541A9 /* Classes */ = {
			isa = PBXGroup;
			children = (
				FAE4DAD21887BA5B003541A9 /* Private */,
				FAE4DAD31887BA5B003541A9 /* Public */,
			);
			name = Classes;
			path = ../Classes;
			sourceTree = "<group>";
		};
		FAE4DAD21887BA5B003541A9 /* Private */ = {
			isa = PBXGroup;
			children = (
				FAB00552188D10BF00A0D654 /* APMemoryStorage.h */,
				FAB00553188D10BF00A0D654 /* APMemoryStorage.m */,
				FAE4DAFE1887FFC5003541A9 /* APFileManager.h */,
				FAE4DAFF1887FFC5003541A9 /* APFileManager.m */,
				FA281DC6188927FC00A77EB0 /* APNetworkLoader.h */,
				FA281DC7188927FC00A77EB0 /* APNetworkLoader.m */,
				FA281DC918893BE000A77EB0 /* APStoragePathHelper.h */,
				FA281DCA18893BE000A77EB0 /* APStoragePathHelper.m */,
				FAB00555188D587C00A0D654 /* APAsyncDictionary+RemoveAnyObject.h */,
				FAB00556188D587C00A0D654 /* APAsyncDictionary+RemoveAnyObject.m */,
				FA281DCC1889444A00A77EB0 /* NSFileManager+Storage.h */,
				FA281DCD1889444A00A77EB0 /* NSFileManager+Storage.m */,
			);
			path = Private;
			sourceTree = "<group>";
		};
		FAE4DAD31887BA5B003541A9 /* Public */ = {
			isa = PBXGroup;
			children = (
				FAE4DAD41887BA5B003541A9 /* APSmartStorage.h */,
				FAE4DAD51887BA5B003541A9 /* APSmartStorage.m */,
			);
			path = Public;
			sourceTree = "<group>";
		};
		FAE4DAD81887DE2D003541A9 /* External */ = {
			isa = PBXGroup;
			children = (
				FAE4DAD91887DE2D003541A9 /* APAsyncDictionary */,
			);
			name = External;
			path = ../External;
			sourceTree = "<group>";
		};
		FAE4DAD91887DE2D003541A9 /* APAsyncDictionary */ = {
			isa = PBXGroup;
			children = (
				FAE4DADB1887DE2D003541A9 /* Classes */,
			);
			path = APAsyncDictionary;
			sourceTree = "<group>";
		};
		FAE4DADB1887DE2D003541A9 /* Classes */ = {
			isa = PBXGroup;
			children = (
				FAE4DADC1887DE2D003541A9 /* Private */,
				FAE4DADF1887DE2D003541A9 /* Public */,
			);
			path = Classes;
			sourceTree = "<group>";
		};
		FAE4DADC1887DE2D003541A9 /* Private */ = {
			isa = PBXGroup;
			children = (
				FAE4DADD1887DE2D003541A9 /* NSThread+Block.h */,
				FAE4DADE1887DE2D003541A9 /* NSThread+Block.m */,
			);
			path = Private;
			sourceTree = "<group>";
		};
		FAE4DADF1887DE2D003541A9 /* Public */ = {
			isa = PBXGroup;
			children = (
				FAE4DAE01887DE2D003541A9 /* APAsyncDictionary.h */,
				FAE4DAE11887DE2D003541A9 /* APAsyncDictionary.m */,
			);
			path = Public;
			sourceTree = "<group>";
		};
/* End PBXGroup section */

/* Begin PBXNativeTarget section */
		FA6E6FB11887B6C300E8DF46 /* APSmartStorageSpec */ = {
			isa = PBXNativeTarget;
			buildConfigurationList = FA6E6FDE1887B6C300E8DF46 /* Build configuration list for PBXNativeTarget "APSmartStorageSpec" */;
			buildPhases = (
				32C7AB234E2F40F1B66B6C86 /* Check Pods Manifest.lock */,
				FA6E6FAE1887B6C300E8DF46 /* Sources */,
				FA6E6FAF1887B6C300E8DF46 /* Frameworks */,
				FA6E6FB01887B6C300E8DF46 /* Resources */,
				D47C3C6B9D3F42EC85C00721 /* Copy Pods Resources */,
			);
			buildRules = (
			);
			dependencies = (
			);
			name = APSmartStorageSpec;
			productName = APSmartStorageSpec;
			productReference = FA6E6FB21887B6C300E8DF46 /* APSmartStorageSpec.app */;
			productType = "com.apple.product-type.application";
		};
/* End PBXNativeTarget section */

/* Begin PBXProject section */
		FA6E6FAA1887B6C300E8DF46 /* Project object */ = {
			isa = PBXProject;
			attributes = {
				LastUpgradeCheck = 0500;
				ORGANIZATIONNAME = alterplay;
			};
			buildConfigurationList = FA6E6FAD1887B6C300E8DF46 /* Build configuration list for PBXProject "APSmartStorageSpec" */;
			compatibilityVersion = "Xcode 3.2";
			developmentRegion = English;
			hasScannedForEncodings = 0;
			knownRegions = (
				en,
			);
			mainGroup = FA6E6FA91887B6C300E8DF46;
			productRefGroup = FA6E6FB31887B6C300E8DF46 /* Products */;
			projectDirPath = "";
			projectRoot = "";
			targets = (
				FA6E6FB11887B6C300E8DF46 /* APSmartStorageSpec */,
			);
		};
/* End PBXProject section */

/* Begin PBXResourcesBuildPhase section */
		FA6E6FB01887B6C300E8DF46 /* Resources */ = {
			isa = PBXResourcesBuildPhase;
			buildActionMask = 2147483647;
			files = (
				FA6E6FC01887B6C300E8DF46 /* InfoPlist.strings in Resources */,
				FA6E6FC81887B6C300E8DF46 /* Images.xcassets in Resources */,
			);
			runOnlyForDeploymentPostprocessing = 0;
		};
/* End PBXResourcesBuildPhase section */

/* Begin PBXShellScriptBuildPhase section */
		32C7AB234E2F40F1B66B6C86 /* Check Pods Manifest.lock */ = {
			isa = PBXShellScriptBuildPhase;
			buildActionMask = 2147483647;
			files = (
			);
			inputPaths = (
			);
			name = "Check Pods Manifest.lock";
			outputPaths = (
			);
			runOnlyForDeploymentPostprocessing = 0;
			shellPath = /bin/sh;
			shellScript = "diff \"${PODS_ROOT}/../Podfile.lock\" \"${PODS_ROOT}/Manifest.lock\" > /dev/null\nif [[ $? != 0 ]] ; then\n    cat << EOM\nerror: The sandbox is not in sync with the Podfile.lock. Run 'pod install' or update your CocoaPods installation.\nEOM\n    exit 1\nfi\n";
			showEnvVarsInLog = 0;
		};
		D47C3C6B9D3F42EC85C00721 /* Copy Pods Resources */ = {
			isa = PBXShellScriptBuildPhase;
			buildActionMask = 2147483647;
			files = (
			);
			inputPaths = (
			);
			name = "Copy Pods Resources";
			outputPaths = (
			);
			runOnlyForDeploymentPostprocessing = 0;
			shellPath = /bin/sh;
			shellScript = "\"${SRCROOT}/Pods/Pods-resources.sh\"\n";
			showEnvVarsInLog = 0;
		};
/* End PBXShellScriptBuildPhase section */

/* Begin PBXSourcesBuildPhase section */
		FA6E6FAE1887B6C300E8DF46 /* Sources */ = {
			isa = PBXSourcesBuildPhase;
			buildActionMask = 2147483647;
			files = (
				FA281DCE1889444A00A77EB0 /* NSFileManager+Storage.m in Sources */,
				FAB00554188D10BF00A0D654 /* APMemoryStorage.m in Sources */,
				FAE4DAF11887DE2D003541A9 /* APAsyncDictionary.m in Sources */,
				FA6E6FC21887B6C300E8DF46 /* main.m in Sources */,
				FA6E6FE61887B82700E8DF46 /* APSmartStorageSpec.mm in Sources */,
				FA281DCB18893BE000A77EB0 /* APStoragePathHelper.m in Sources */,
				FAE4DAF01887DE2D003541A9 /* NSThread+Block.m in Sources */,
				FAB00557188D587C00A0D654 /* APAsyncDictionary+RemoveAnyObject.m in Sources */,
				FAE4DAD61887BA5B003541A9 /* APSmartStorage.m in Sources */,
				FA281DC8188927FC00A77EB0 /* APNetworkLoader.m in Sources */,
				FAE4DB001887FFC5003541A9 /* APFileManager.m in Sources */,
			);
			runOnlyForDeploymentPostprocessing = 0;
		};
/* End PBXSourcesBuildPhase section */

/* Begin PBXVariantGroup section */
		FA6E6FBE1887B6C300E8DF46 /* InfoPlist.strings */ = {
			isa = PBXVariantGroup;
			children = (
				FA6E6FBF1887B6C300E8DF46 /* en */,
			);
			name = InfoPlist.strings;
			sourceTree = "<group>";
		};
/* End PBXVariantGroup section */

/* Begin XCBuildConfiguration section */
		FA6E6FDC1887B6C300E8DF46 /* Debug */ = {
			isa = XCBuildConfiguration;
			buildSettings = {
				ALWAYS_SEARCH_USER_PATHS = NO;
				ARCHS = "$(ARCHS_STANDARD_INCLUDING_64_BIT)";
				CLANG_CXX_LANGUAGE_STANDARD = "gnu++0x";
				CLANG_CXX_LIBRARY = "libc++";
				CLANG_ENABLE_MODULES = YES;
				CLANG_ENABLE_OBJC_ARC = YES;
				CLANG_WARN_BOOL_CONVERSION = YES;
				CLANG_WARN_CONSTANT_CONVERSION = YES;
				CLANG_WARN_DIRECT_OBJC_ISA_USAGE = YES_ERROR;
				CLANG_WARN_EMPTY_BODY = YES;
				CLANG_WARN_ENUM_CONVERSION = YES;
				CLANG_WARN_INT_CONVERSION = YES;
				CLANG_WARN_OBJC_ROOT_CLASS = YES_ERROR;
				CLANG_WARN__DUPLICATE_METHOD_MATCH = YES;
				"CODE_SIGN_IDENTITY[sdk=iphoneos*]" = "iPhone Developer";
				COPY_PHASE_STRIP = NO;
				GCC_C_LANGUAGE_STANDARD = gnu99;
				GCC_DYNAMIC_NO_PIC = NO;
				GCC_OPTIMIZATION_LEVEL = 0;
				GCC_PREPROCESSOR_DEFINITIONS = (
					"DEBUG=1",
					"$(inherited)",
				);
				GCC_SYMBOLS_PRIVATE_EXTERN = NO;
				GCC_WARN_64_TO_32_BIT_CONVERSION = YES;
				GCC_WARN_ABOUT_RETURN_TYPE = YES_ERROR;
				GCC_WARN_UNDECLARED_SELECTOR = YES;
				GCC_WARN_UNINITIALIZED_AUTOS = YES;
				GCC_WARN_UNUSED_FUNCTION = YES;
				GCC_WARN_UNUSED_VARIABLE = YES;
				IPHONEOS_DEPLOYMENT_TARGET = 7.0;
				ONLY_ACTIVE_ARCH = YES;
				SDKROOT = iphoneos;
			};
			name = Debug;
		};
		FA6E6FDD1887B6C300E8DF46 /* Release */ = {
			isa = XCBuildConfiguration;
			buildSettings = {
				ALWAYS_SEARCH_USER_PATHS = NO;
				ARCHS = "$(ARCHS_STANDARD_INCLUDING_64_BIT)";
				CLANG_CXX_LANGUAGE_STANDARD = "gnu++0x";
				CLANG_CXX_LIBRARY = "libc++";
				CLANG_ENABLE_MODULES = YES;
				CLANG_ENABLE_OBJC_ARC = YES;
				CLANG_WARN_BOOL_CONVERSION = YES;
				CLANG_WARN_CONSTANT_CONVERSION = YES;
				CLANG_WARN_DIRECT_OBJC_ISA_USAGE = YES_ERROR;
				CLANG_WARN_EMPTY_BODY = YES;
				CLANG_WARN_ENUM_CONVERSION = YES;
				CLANG_WARN_INT_CONVERSION = YES;
				CLANG_WARN_OBJC_ROOT_CLASS = YES_ERROR;
				CLANG_WARN__DUPLICATE_METHOD_MATCH = YES;
				"CODE_SIGN_IDENTITY[sdk=iphoneos*]" = "iPhone Developer";
				COPY_PHASE_STRIP = YES;
				ENABLE_NS_ASSERTIONS = NO;
				GCC_C_LANGUAGE_STANDARD = gnu99;
				GCC_WARN_64_TO_32_BIT_CONVERSION = YES;
				GCC_WARN_ABOUT_RETURN_TYPE = YES_ERROR;
				GCC_WARN_UNDECLARED_SELECTOR = YES;
				GCC_WARN_UNINITIALIZED_AUTOS = YES;
				GCC_WARN_UNUSED_FUNCTION = YES;
				GCC_WARN_UNUSED_VARIABLE = YES;
				IPHONEOS_DEPLOYMENT_TARGET = 7.0;
				SDKROOT = iphoneos;
				VALIDATE_PRODUCT = YES;
			};
			name = Release;
		};
		FA6E6FDF1887B6C300E8DF46 /* Debug */ = {
			isa = XCBuildConfiguration;
			baseConfigurationReference = 3623D18215C44D7FA210E476 /* Pods.xcconfig */;
			buildSettings = {
				ASSETCATALOG_COMPILER_APPICON_NAME = AppIcon;
				ASSETCATALOG_COMPILER_LAUNCHIMAGE_NAME = LaunchImage;
				CLANG_CXX_LANGUAGE_STANDARD = "gnu++0x";
				GCC_PRECOMPILE_PREFIX_HEADER = YES;
				GCC_PREFIX_HEADER = "APSmartStorageSpec/APSmartStorageSpec-Prefix.pch";
				INFOPLIST_FILE = "APSmartStorageSpec/APSmartStorageSpec-Info.plist";
				PRODUCT_NAME = "$(TARGET_NAME)";
				WRAPPER_EXTENSION = app;
			};
			name = Debug;
		};
		FA6E6FE01887B6C300E8DF46 /* Release */ = {
			isa = XCBuildConfiguration;
			baseConfigurationReference = 3623D18215C44D7FA210E476 /* Pods.xcconfig */;
			buildSettings = {
				ASSETCATALOG_COMPILER_APPICON_NAME = AppIcon;
				ASSETCATALOG_COMPILER_LAUNCHIMAGE_NAME = LaunchImage;
				CLANG_CXX_LANGUAGE_STANDARD = "gnu++0x";
				GCC_PRECOMPILE_PREFIX_HEADER = YES;
				GCC_PREFIX_HEADER = "APSmartStorageSpec/APSmartStorageSpec-Prefix.pch";
				INFOPLIST_FILE = "APSmartStorageSpec/APSmartStorageSpec-Info.plist";
				PRODUCT_NAME = "$(TARGET_NAME)";
				WRAPPER_EXTENSION = app;
			};
			name = Release;
		};
/* End XCBuildConfiguration section */

/* Begin XCConfigurationList section */
		FA6E6FAD1887B6C300E8DF46 /* Build configuration list for PBXProject "APSmartStorageSpec" */ = {
			isa = XCConfigurationList;
			buildConfigurations = (
				FA6E6FDC1887B6C300E8DF46 /* Debug */,
				FA6E6FDD1887B6C300E8DF46 /* Release */,
			);
			defaultConfigurationIsVisible = 0;
			defaultConfigurationName = Release;
		};
		FA6E6FDE1887B6C300E8DF46 /* Build configuration list for PBXNativeTarget "APSmartStorageSpec" */ = {
			isa = XCConfigurationList;
			buildConfigurations = (
				FA6E6FDF1887B6C300E8DF46 /* Debug */,
				FA6E6FE01887B6C300E8DF46 /* Release */,
			);
			defaultConfigurationIsVisible = 0;
			defaultConfigurationName = Release;
		};
/* End XCConfigurationList section */
	};
	rootObject = FA6E6FAA1887B6C300E8DF46 /* Project object */;
}
