<?xml version="1.0" encoding="UTF-8"?>
<Scheme
   version = "1.3">
   <BuildAction>
      <BuildActionEntries>
         <BuildActionEntry
            buildForRunning = "YES">
            <BuildableReference
               BuildableIdentifier = "primary"
               BlueprintIdentifier = "FA6E6FB11887B6C300E8DF46"
               BuildableName = "APSmartStorageSpec.app"
               BlueprintName = "APSmartStorageSpec"
               ReferencedContainer = "container:APSmartStorageSpec.xcodeproj">
            </BuildableReference>
         </BuildActionEntry>
      </BuildActionEntries>
   </BuildAction>
   <LaunchAction
      useCustomWorkingDirectory = "NO"
      buildConfiguration = "Debug">
      <BuildableProductRunnable>
         <BuildableReference
            BuildableIdentifier = "primary"
            BlueprintIdentifier = "FA6E6FB11887B6C300E8DF46"
            BuildableName = "APSmartStorageSpec.app"
            BlueprintName = "APSmartStorageSpec"
            ReferencedContainer = "container:APSmartStorageSpec.xcodeproj">
         </BuildableReference>
      </BuildableProductRunnable>
   </LaunchAction>
</Scheme>
